
Microsoft Visual Studio Solution File, Format Version 12.00
# Visual Studio Version 16
VisualStudioVersion = 16.0.29926.136
MinimumVisualStudioVersion = 10.0.40219.1
Project("{FAE04EC0-301F-11D3-BF4B-00C04F79EFBC}") = "holamundoo", "holamundoo\holamundoo.csproj", "{162CCA79-70B7-4CED-9404-222977AF4F89}"
EndProject
Global
	GlobalSection(SolutionConfigurationPlatforms) = preSolution
		Debug|Any CPU = Debug|Any CPU
		Release|Any CPU = Release|Any CPU
	EndGlobalSection
	GlobalSection(ProjectConfigurationPlatforms) = postSolution
		{162CCA79-70B7-4CED-9404-222977AF4F89}.Debug|Any CPU.ActiveCfg = Debug|Any CPU
		{162CCA79-70B7-4CED-9404-222977AF4F89}.Debug|Any CPU.Build.0 = Debug|Any CPU
		{162CCA79-70B7-4CED-9404-222977AF4F89}.Release|Any CPU.ActiveCfg = Release|Any CPU
		{162CCA79-70B7-4CED-9404-222977AF4F89}.Release|Any CPU.Build.0 = Release|Any CPU
	EndGlobalSection
	GlobalSection(SolutionProperties) = preSolution
		HideSolutionNode = FALSE
	EndGlobalSection
	GlobalSection(ExtensibilityGlobals) = postSolution
		SolutionGuid = {A75DC5B3-6182-4151-A1A9-DB4B8F189CD9}
	EndGlobalSection
EndGlobal
